// !$*UTF8*$!
{
	archiveVersion = 1;
	classes = {
	};
	objectVersion = 77;
	objects = {

/* Begin PBXBuildFile section */
		258396242DD596DC00387A2F /* SDWebImageSwiftUI in Frameworks */ = {isa = PBXBuildFile; productRef = 258396232DD596DC00387A2F /* SDWebImageSwiftUI */; };
		258396272DD597F300387A2F /* ConfettiSwiftUI in Frameworks */ = {isa = PBXBuildFile; productRef = 258396262DD597F300387A2F /* ConfettiSwiftUI */; };
/* End PBXBuildFile section */

/* Begin PBXContainerItemProxy section */
		C34020642D99F1A5005D4B5A /* PBXContainerItemProxy */ = {
			isa = PBXContainerItemProxy;
			containerPortal = C340204B2D99F19F005D4B5A /* Project object */;
			proxyType = 1;
			remoteGlobalIDString = C34020522D99F19F005D4B5A;
			remoteInfo = LearnLoop;
		};
		C340206E2D99F1A5005D4B5A /* PBXContainerItemProxy */ = {
			isa = PBXContainerItemProxy;
			containerPortal = C340204B2D99F19F005D4B5A /* Project object */;
			proxyType = 1;
			remoteGlobalIDString = C34020522D99F19F005D4B5A;
			remoteInfo = LearnLoop;
		};
/* End PBXContainerItemProxy section */

/* Begin PBXFileReference section */
		C34020532D99F19F005D4B5A /* LearnLoop.app */ = {isa = PBXFileReference; explicitFileType = wrapper.application; includeInIndex = 0; path = LearnLoop.app; sourceTree = BUILT_PRODUCTS_DIR; };
		C34020632D99F1A5005D4B5A /* LearnLoopTests.xctest */ = {isa = PBXFileReference; explicitFileType = wrapper.cfbundle; includeInIndex = 0; path = LearnLoopTests.xctest; sourceTree = BUILT_PRODUCTS_DIR; };
		C340206D2D99F1A5005D4B5A /* LearnLoopUITests.xctest */ = {isa = PBXFileReference; explicitFileType = wrapper.cfbundle; includeInIndex = 0; path = LearnLoopUITests.xctest; sourceTree = BUILT_PRODUCTS_DIR; };
/* End PBXFileReference section */

/* Begin PBXFileSystemSynchronizedRootGroup section */
		C34020552D99F19F005D4B5A /* LearnLoop */ = {
			isa = PBXFileSystemSynchronizedRootGroup;
			path = LearnLoop;
			sourceTree = "<group>";
		};
		C34020662D99F1A5005D4B5A /* LearnLoopTests */ = {
			isa = PBXFileSystemSynchronizedRootGroup;
			path = LearnLoopTests;
			sourceTree = "<group>";
		};
		C34020702D99F1A5005D4B5A /* LearnLoopUITests */ = {
			isa = PBXFileSystemSynchronizedRootGroup;
			path = LearnLoopUITests;
			sourceTree = "<group>";
		};
/* End PBXFileSystemSynchronizedRootGroup section */

/* Begin PBXFrameworksBuildPhase section */
		C34020502D99F19F005D4B5A /* Frameworks */ = {
			isa = PBXFrameworksBuildPhase;
			buildActionMask = 2147483647;
			files = (
				258396272DD597F300387A2F /* ConfettiSwiftUI in Frameworks */,
				258396242DD596DC00387A2F /* SDWebImageSwiftUI in Frameworks */,
			);
			runOnlyForDeploymentPostprocessing = 0;
		};
		C34020602D99F1A5005D4B5A /* Frameworks */ = {
			isa = PBXFrameworksBuildPhase;
			buildActionMask = 2147483647;
			files = (
			);
			runOnlyForDeploymentPostprocessing = 0;
		};
		C340206A2D99F1A5005D4B5A /* Frameworks */ = {
			isa = PBXFrameworksBuildPhase;
			buildActionMask = 2147483647;
			files = (
			);
			runOnlyForDeploymentPostprocessing = 0;
		};
/* End PBXFrameworksBuildPhase section */

/* Begin PBXGroup section */
		C340204A2D99F19F005D4B5A = {
			isa = PBXGroup;
			children = (
				C34020552D99F19F005D4B5A /* LearnLoop */,
				C34020662D99F1A5005D4B5A /* LearnLoopTests */,
				C34020702D99F1A5005D4B5A /* LearnLoopUITests */,
				C34020542D99F19F005D4B5A /* Products */,
			);
			sourceTree = "<group>";
		};
		C34020542D99F19F005D4B5A /* Products */ = {
			isa = PBXGroup;
			children = (
				C34020532D99F19F005D4B5A /* LearnLoop.app */,
				C34020632D99F1A5005D4B5A /* LearnLoopTests.xctest */,
				C340206D2D99F1A5005D4B5A /* LearnLoopUITests.xctest */,
			);
			name = Products;
			sourceTree = "<group>";
		};
/* End PBXGroup section */

/* Begin PBXNativeTarget section */
		C34020522D99F19F005D4B5A /* LearnLoop */ = {
			isa = PBXNativeTarget;
			buildConfigurationList = C34020772D99F1A5005D4B5A /* Build configuration list for PBXNativeTarget "LearnLoop" */;
			buildPhases = (
				C340204F2D99F19F005D4B5A /* Sources */,
				C34020502D99F19F005D4B5A /* Frameworks */,
				C34020512D99F19F005D4B5A /* Resources */,
			);
			buildRules = (
			);
			dependencies = (
			);
			fileSystemSynchronizedGroups = (
				C34020552D99F19F005D4B5A /* LearnLoop */,
			);
			name = LearnLoop;
			packageProductDependencies = (
				258396232DD596DC00387A2F /* SDWebImageSwiftUI */,
				258396262DD597F300387A2F /* ConfettiSwiftUI */,
			);
			productName = LearnLoop;
			productReference = C34020532D99F19F005D4B5A /* LearnLoop.app */;
			productType = "com.apple.product-type.application";
		};
		C34020622D99F1A5005D4B5A /* LearnLoopTests */ = {
			isa = PBXNativeTarget;
			buildConfigurationList = C340207A2D99F1A5005D4B5A /* Build configuration list for PBXNativeTarget "LearnLoopTests" */;
			buildPhases = (
				C340205F2D99F1A5005D4B5A /* Sources */,
				C34020602D99F1A5005D4B5A /* Frameworks */,
				C34020612D99F1A5005D4B5A /* Resources */,
			);
			buildRules = (
			);
			dependencies = (
				C34020652D99F1A5005D4B5A /* PBXTargetDependency */,
			);
			fileSystemSynchronizedGroups = (
				C34020662D99F1A5005D4B5A /* LearnLoopTests */,
			);
			name = LearnLoopTests;
			packageProductDependencies = (
			);
			productName = LearnLoopTests;
			productReference = C34020632D99F1A5005D4B5A /* LearnLoopTests.xctest */;
			productType = "com.apple.product-type.bundle.unit-test";
		};
		C340206C2D99F1A5005D4B5A /* LearnLoopUITests */ = {
			isa = PBXNativeTarget;
			buildConfigurationList = C340207D2D99F1A5005D4B5A /* Build configuration list for PBXNativeTarget "LearnLoopUITests" */;
			buildPhases = (
				C34020692D99F1A5005D4B5A /* Sources */,
				C340206A2D99F1A5005D4B5A /* Frameworks */,
				C340206B2D99F1A5005D4B5A /* Resources */,
			);
			buildRules = (
			);
			dependencies = (
				C340206F2D99F1A5005D4B5A /* PBXTargetDependency */,
			);
			fileSystemSynchronizedGroups = (
				C34020702D99F1A5005D4B5A /* LearnLoopUITests */,
			);
			name = LearnLoopUITests;
			packageProductDependencies = (
			);
			productName = LearnLoopUITests;
			productReference = C340206D2D99F1A5005D4B5A /* LearnLoopUITests.xctest */;
			productType = "com.apple.product-type.bundle.ui-testing";
		};
/* End PBXNativeTarget section */

/* Begin PBXProject section */
		C340204B2D99F19F005D4B5A /* Project object */ = {
			isa = PBXProject;
			attributes = {
				BuildIndependentTargetsInParallel = 1;
				LastSwiftUpdateCheck = 1620;
				LastUpgradeCheck = 1620;
				TargetAttributes = {
					C34020522D99F19F005D4B5A = {
						CreatedOnToolsVersion = 16.2;
					};
					C34020622D99F1A5005D4B5A = {
						CreatedOnToolsVersion = 16.2;
						TestTargetID = C34020522D99F19F005D4B5A;
					};
					C340206C2D99F1A5005D4B5A = {
						CreatedOnToolsVersion = 16.2;
						TestTargetID = C34020522D99F19F005D4B5A;
					};
				};
			};
			buildConfigurationList = C340204E2D99F19F005D4B5A /* Build configuration list for PBXProject "LearnLoop" */;
			developmentRegion = en;
			hasScannedForEncodings = 0;
			knownRegions = (
				en,
				Base,
			);
			mainGroup = C340204A2D99F19F005D4B5A;
			minimizedProjectReferenceProxies = 1;
			packageReferences = (
				258396222DD5969B00387A2F /* XCRemoteSwiftPackageReference "SDWebImageSwiftUI" */,
				258396252DD597F300387A2F /* XCRemoteSwiftPackageReference "ConfettiSwiftUI" */,
			);
			preferredProjectObjectVersion = 77;
			productRefGroup = C34020542D99F19F005D4B5A /* Products */;
			projectDirPath = "";
			projectRoot = "";
			targets = (
				C34020522D99F19F005D4B5A /* LearnLoop */,
				C34020622D99F1A5005D4B5A /* LearnLoopTests */,
				C340206C2D99F1A5005D4B5A /* LearnLoopUITests */,
			);
		};
/* End PBXProject section */

/* Begin PBXResourcesBuildPhase section */
		C34020512D99F19F005D4B5A /* Resources */ = {
			isa = PBXResourcesBuildPhase;
			buildActionMask = 2147483647;
			files = (
			);
			runOnlyForDeploymentPostprocessing = 0;
		};
		C34020612D99F1A5005D4B5A /* Resources */ = {
			isa = PBXResourcesBuildPhase;
			buildActionMask = 2147483647;
			files = (
			);
			runOnlyForDeploymentPostprocessing = 0;
		};
		C340206B2D99F1A5005D4B5A /* Resources */ = {
			isa = PBXResourcesBuildPhase;
			buildActionMask = 2147483647;
			files = (
			);
			runOnlyForDeploymentPostprocessing = 0;
		};
/* End PBXResourcesBuildPhase section */

/* Begin PBXSourcesBuildPhase section */
		C340204F2D99F19F005D4B5A /* Sources */ = {
			isa = PBXSourcesBuildPhase;
			buildActionMask = 2147483647;
			files = (
			);
			runOnlyForDeploymentPostprocessing = 0;
		};
		C340205F2D99F1A5005D4B5A /* Sources */ = {
			isa = PBXSourcesBuildPhase;
			buildActionMask = 2147483647;
			files = (
			);
			runOnlyForDeploymentPostprocessing = 0;
		};
		C34020692D99F1A5005D4B5A /* Sources */ = {
			isa = PBXSourcesBuildPhase;
			buildActionMask = 2147483647;
			files = (
			);
			runOnlyForDeploymentPostprocessing = 0;
		};
/* End PBXSourcesBuildPhase section */

/* Begin PBXTargetDependency section */
		C34020652D99F1A5005D4B5A /* PBXTargetDependency */ = {
			isa = PBXTargetDependency;
			target = C34020522D99F19F005D4B5A /* LearnLoop */;
			targetProxy = C34020642D99F1A5005D4B5A /* PBXContainerItemProxy */;
		};
		C340206F2D99F1A5005D4B5A /* PBXTargetDependency */ = {
			isa = PBXTargetDependency;
			target = C34020522D99F19F005D4B5A /* LearnLoop */;
			targetProxy = C340206E2D99F1A5005D4B5A /* PBXContainerItemProxy */;
		};
/* End PBXTargetDependency section */

/* Begin XCBuildConfiguration section */
		C34020752D99F1A5005D4B5A /* Debug */ = {
			isa = XCBuildConfiguration;
			buildSettings = {
				ALWAYS_SEARCH_USER_PATHS = NO;
				ASSETCATALOG_COMPILER_GENERATE_SWIFT_ASSET_SYMBOL_EXTENSIONS = YES;
				CLANG_ANALYZER_NONNULL = YES;
				CLANG_ANALYZER_NUMBER_OBJECT_CONVERSION = YES_AGGRESSIVE;
				CLANG_CXX_LANGUAGE_STANDARD = "gnu++20";
				CLANG_ENABLE_MODULES = YES;
				CLANG_ENABLE_OBJC_ARC = YES;
				CLANG_ENABLE_OBJC_WEAK = YES;
				CLANG_WARN_BLOCK_CAPTURE_AUTORELEASING = YES;
				CLANG_WARN_BOOL_CONVERSION = YES;
				CLANG_WARN_COMMA = YES;
				CLANG_WARN_CONSTANT_CONVERSION = YES;
				CLANG_WARN_DEPRECATED_OBJC_IMPLEMENTATIONS = YES;
				CLANG_WARN_DIRECT_OBJC_ISA_USAGE = YES_ERROR;
				CLANG_WARN_DOCUMENTATION_COMMENTS = YES;
				CLANG_WARN_EMPTY_BODY = YES;
				CLANG_WARN_ENUM_CONVERSION = YES;
				CLANG_WARN_INFINITE_RECURSION = YES;
				CLANG_WARN_INT_CONVERSION = YES;
				CLANG_WARN_NON_LITERAL_NULL_CONVERSION = YES;
				CLANG_WARN_OBJC_IMPLICIT_RETAIN_SELF = YES;
				CLANG_WARN_OBJC_LITERAL_CONVERSION = YES;
				CLANG_WARN_OBJC_ROOT_CLASS = YES_ERROR;
				CLANG_WARN_QUOTED_INCLUDE_IN_FRAMEWORK_HEADER = YES;
				CLANG_WARN_RANGE_LOOP_ANALYSIS = YES;
				CLANG_WARN_STRICT_PROTOTYPES = YES;
				CLANG_WARN_SUSPICIOUS_MOVE = YES;
				CLANG_WARN_UNGUARDED_AVAILABILITY = YES_AGGRESSIVE;
				CLANG_WARN_UNREACHABLE_CODE = YES;
				CLANG_WARN__DUPLICATE_METHOD_MATCH = YES;
				COPY_PHASE_STRIP = NO;
				DEBUG_INFORMATION_FORMAT = dwarf;
				ENABLE_STRICT_OBJC_MSGSEND = YES;
				ENABLE_TESTABILITY = YES;
				ENABLE_USER_SCRIPT_SANDBOXING = YES;
				GCC_C_LANGUAGE_STANDARD = gnu17;
				GCC_DYNAMIC_NO_PIC = NO;
				GCC_NO_COMMON_BLOCKS = YES;
				GCC_OPTIMIZATION_LEVEL = 0;
				GCC_PREPROCESSOR_DEFINITIONS = (
					"DEBUG=1",
					"$(inherited)",
				);
				GCC_WARN_64_TO_32_BIT_CONVERSION = YES;
				GCC_WARN_ABOUT_RETURN_TYPE = YES_ERROR;
				GCC_WARN_UNDECLARED_SELECTOR = YES;
				GCC_WARN_UNINITIALIZED_AUTOS = YES_AGGRESSIVE;
				GCC_WARN_UNUSED_FUNCTION = YES;
				GCC_WARN_UNUSED_VARIABLE = YES;
				IPHONEOS_DEPLOYMENT_TARGET = 18.2;
				LOCALIZATION_PREFERS_STRING_CATALOGS = YES;
				MTL_ENABLE_DEBUG_INFO = INCLUDE_SOURCE;
				MTL_FAST_MATH = YES;
				ONLY_ACTIVE_ARCH = YES;
				SDKROOT = iphoneos;
				SWIFT_ACTIVE_COMPILATION_CONDITIONS = "DEBUG $(inherited)";
				SWIFT_OPTIMIZATION_LEVEL = "-Onone";
			};
			name = Debug;
		};
		C34020762D99F1A5005D4B5A /* Release */ = {
			isa = XCBuildConfiguration;
			buildSettings = {
				ALWAYS_SEARCH_USER_PATHS = NO;
				ASSETCATALOG_COMPILER_GENERATE_SWIFT_ASSET_SYMBOL_EXTENSIONS = YES;
				CLANG_ANALYZER_NONNULL = YES;
				CLANG_ANALYZER_NUMBER_OBJECT_CONVERSION = YES_AGGRESSIVE;
				CLANG_CXX_LANGUAGE_STANDARD = "gnu++20";
				CLANG_ENABLE_MODULES = YES;
				CLANG_ENABLE_OBJC_ARC = YES;
				CLANG_ENABLE_OBJC_WEAK = YES;
				CLANG_WARN_BLOCK_CAPTURE_AUTORELEASING = YES;
				CLANG_WARN_BOOL_CONVERSION = YES;
				CLANG_WARN_COMMA = YES;
				CLANG_WARN_CONSTANT_CONVERSION = YES;
				CLANG_WARN_DEPRECATED_OBJC_IMPLEMENTATIONS = YES;
				CLANG_WARN_DIRECT_OBJC_ISA_USAGE = YES_ERROR;
				CLANG_WARN_DOCUMENTATION_COMMENTS = YES;
				CLANG_WARN_EMPTY_BODY = YES;
				CLANG_WARN_ENUM_CONVERSION = YES;
				CLANG_WARN_INFINITE_RECURSION = YES;
				CLANG_WARN_INT_CONVERSION = YES;
				CLANG_WARN_NON_LITERAL_NULL_CONVERSION = YES;
				CLANG_WARN_OBJC_IMPLICIT_RETAIN_SELF = YES;
				CLANG_WARN_OBJC_LITERAL_CONVERSION = YES;
				CLANG_WARN_OBJC_ROOT_CLASS = YES_ERROR;
				CLANG_WARN_QUOTED_INCLUDE_IN_FRAMEWORK_HEADER = YES;
				CLANG_WARN_RANGE_LOOP_ANALYSIS = YES;
				CLANG_WARN_STRICT_PROTOTYPES = YES;
				CLANG_WARN_SUSPICIOUS_MOVE = YES;
				CLANG_WARN_UNGUARDED_AVAILABILITY = YES_AGGRESSIVE;
				CLANG_WARN_UNREACHABLE_CODE = YES;
				CLANG_WARN__DUPLICATE_METHOD_MATCH = YES;
				COPY_PHASE_STRIP = NO;
				DEBUG_INFORMATION_FORMAT = "dwarf-with-dsym";
				ENABLE_NS_ASSERTIONS = NO;
				ENABLE_STRICT_OBJC_MSGSEND = YES;
				ENABLE_USER_SCRIPT_SANDBOXING = YES;
				GCC_C_LANGUAGE_STANDARD = gnu17;
				GCC_NO_COMMON_BLOCKS = YES;
				GCC_WARN_64_TO_32_BIT_CONVERSION = YES;
				GCC_WARN_ABOUT_RETURN_TYPE = YES_ERROR;
				GCC_WARN_UNDECLARED_SELECTOR = YES;
				GCC_WARN_UNINITIALIZED_AUTOS = YES_AGGRESSIVE;
				GCC_WARN_UNUSED_FUNCTION = YES;
				GCC_WARN_UNUSED_VARIABLE = YES;
				IPHONEOS_DEPLOYMENT_TARGET = 18.2;
				LOCALIZATION_PREFERS_STRING_CATALOGS = YES;
				MTL_ENABLE_DEBUG_INFO = NO;
				MTL_FAST_MATH = YES;
				SDKROOT = iphoneos;
				SWIFT_COMPILATION_MODE = wholemodule;
				VALIDATE_PRODUCT = YES;
			};
			name = Release;
		};
		C34020782D99F1A5005D4B5A /* Debug */ = {
			isa = XCBuildConfiguration;
			buildSettings = {
				ASSETCATALOG_COMPILER_APPICON_NAME = AppIcon;
				ASSETCATALOG_COMPILER_GLOBAL_ACCENT_COLOR_NAME = AccentColor;
				CODE_SIGN_STYLE = Automatic;
				CURRENT_PROJECT_VERSION = 1;
				DEVELOPMENT_ASSET_PATHS = "\"LearnLoop/Preview Content\"";
				DEVELOPMENT_TEAM = DKRULFZMRR;
				ENABLE_PREVIEWS = YES;
				GENERATE_INFOPLIST_FILE = YES;
				INFOPLIST_KEY_UIApplicationSceneManifest_Generation = YES;
				INFOPLIST_KEY_UIApplicationSupportsIndirectInputEvents = YES;
				INFOPLIST_KEY_UILaunchScreen_Generation = YES;
				INFOPLIST_KEY_UISupportedInterfaceOrientations_iPad = "UIInterfaceOrientationPortrait UIInterfaceOrientationPortraitUpsideDown UIInterfaceOrientationLandscapeLeft UIInterfaceOrientationLandscapeRight";
				INFOPLIST_KEY_UISupportedInterfaceOrientations_iPhone = "UIInterfaceOrientationPortrait UIInterfaceOrientationLandscapeLeft UIInterfaceOrientationLandscapeRight";
				LD_RUNPATH_SEARCH_PATHS = (
					"$(inherited)",
					"@executable_path/Frameworks",
				);
				MARKETING_VERSION = 1.0;
				PRODUCT_BUNDLE_IDENTIFIER = NoOrg.LearnLoop;
				PRODUCT_NAME = "$(TARGET_NAME)";
				SWIFT_EMIT_LOC_STRINGS = YES;
				SWIFT_VERSION = 5.0;
				TARGETED_DEVICE_FAMILY = "1,2";
			};
			name = Debug;
		};
		C34020792D99F1A5005D4B5A /* Release */ = {
			isa = XCBuildConfiguration;
			buildSettings = {
				ASSETCATALOG_COMPILER_APPICON_NAME = AppIcon;
				ASSETCATALOG_COMPILER_GLOBAL_ACCENT_COLOR_NAME = AccentColor;
				CODE_SIGN_STYLE = Automatic;
				CURRENT_PROJECT_VERSION = 1;
				DEVELOPMENT_ASSET_PATHS = "\"LearnLoop/Preview Content\"";
				DEVELOPMENT_TEAM = DKRULFZMRR;
				ENABLE_PREVIEWS = YES;
				GENERATE_INFOPLIST_FILE = YES;
				INFOPLIST_KEY_UIApplicationSceneManifest_Generation = YES;
				INFOPLIST_KEY_UIApplicationSupportsIndirectInputEvents = YES;
				INFOPLIST_KEY_UILaunchScreen_Generation = YES;
				INFOPLIST_KEY_UISupportedInterfaceOrientations_iPad = "UIInterfaceOrientationPortrait UIInterfaceOrientationPortraitUpsideDown UIInterfaceOrientationLandscapeLeft UIInterfaceOrientationLandscapeRight";
				INFOPLIST_KEY_UISupportedInterfaceOrientations_iPhone = "UIInterfaceOrientationPortrait UIInterfaceOrientationLandscapeLeft UIInterfaceOrientationLandscapeRight";
				LD_RUNPATH_SEARCH_PATHS = (
					"$(inherited)",
					"@executable_path/Frameworks",
				);
				MARKETING_VERSION = 1.0;
				PRODUCT_BUNDLE_IDENTIFIER = NoOrg.LearnLoop;
				PRODUCT_NAME = "$(TARGET_NAME)";
				SWIFT_EMIT_LOC_STRINGS = YES;
				SWIFT_VERSION = 5.0;
				TARGETED_DEVICE_FAMILY = "1,2";
			};
			name = Release;
		};
		C340207B2D99F1A5005D4B5A /* Debug */ = {
			isa = XCBuildConfiguration;
			buildSettings = {
				BUNDLE_LOADER = "$(TEST_HOST)";
				CODE_SIGN_STYLE = Automatic;
				CURRENT_PROJECT_VERSION = 1;
				GENERATE_INFOPLIST_FILE = YES;
				IPHONEOS_DEPLOYMENT_TARGET = 18.2;
				MARKETING_VERSION = 1.0;
				PRODUCT_BUNDLE_IDENTIFIER = NoOrg.LearnLoopTests;
				PRODUCT_NAME = "$(TARGET_NAME)";
				SWIFT_EMIT_LOC_STRINGS = NO;
				SWIFT_VERSION = 5.0;
				TARGETED_DEVICE_FAMILY = "1,2";
				TEST_HOST = "$(BUILT_PRODUCTS_DIR)/LearnLoop.app/$(BUNDLE_EXECUTABLE_FOLDER_PATH)/LearnLoop";
			};
			name = Debug;
		};
		C340207C2D99F1A5005D4B5A /* Release */ = {
			isa = XCBuildConfiguration;
			buildSettings = {
				BUNDLE_LOADER = "$(TEST_HOST)";
				CODE_SIGN_STYLE = Automatic;
				CURRENT_PROJECT_VERSION = 1;
				GENERATE_INFOPLIST_FILE = YES;
				IPHONEOS_DEPLOYMENT_TARGET = 18.2;
				MARKETING_VERSION = 1.0;
				PRODUCT_BUNDLE_IDENTIFIER = NoOrg.LearnLoopTests;
				PRODUCT_NAME = "$(TARGET_NAME)";
				SWIFT_EMIT_LOC_STRINGS = NO;
				SWIFT_VERSION = 5.0;
				TARGETED_DEVICE_FAMILY = "1,2";
				TEST_HOST = "$(BUILT_PRODUCTS_DIR)/LearnLoop.app/$(BUNDLE_EXECUTABLE_FOLDER_PATH)/LearnLoop";
			};
			name = Release;
		};
		C340207E2D99F1A5005D4B5A /* Debug */ = {
			isa = XCBuildConfiguration;
			buildSettings = {
				CODE_SIGN_STYLE = Automatic;
				CURRENT_PROJECT_VERSION = 1;
				GENERATE_INFOPLIST_FILE = YES;
				MARKETING_VERSION = 1.0;
				PRODUCT_BUNDLE_IDENTIFIER = NoOrg.LearnLoopUITests;
				PRODUCT_NAME = "$(TARGET_NAME)";
				SWIFT_EMIT_LOC_STRINGS = NO;
				SWIFT_VERSION = 5.0;
				TARGETED_DEVICE_FAMILY = "1,2";
				TEST_TARGET_NAME = LearnLoop;
			};
			name = Debug;
		};
		C340207F2D99F1A5005D4B5A /* Release */ = {
			isa = XCBuildConfiguration;
			buildSettings = {
				CODE_SIGN_STYLE = Automatic;
				CURRENT_PROJECT_VERSION = 1;
				GENERATE_INFOPLIST_FILE = YES;
				MARKETING_VERSION = 1.0;
				PRODUCT_BUNDLE_IDENTIFIER = NoOrg.LearnLoopUITests;
				PRODUCT_NAME = "$(TARGET_NAME)";
				SWIFT_EMIT_LOC_STRINGS = NO;
				SWIFT_VERSION = 5.0;
				TARGETED_DEVICE_FAMILY = "1,2";
				TEST_TARGET_NAME = LearnLoop;
			};
			name = Release;
		};
/* End XCBuildConfiguration section */

/* Begin XCConfigurationList section */
		C340204E2D99F19F005D4B5A /* Build configuration list for PBXProject "LearnLoop" */ = {
			isa = XCConfigurationList;
			buildConfigurations = (
				C34020752D99F1A5005D4B5A /* Debug */,
				C34020762D99F1A5005D4B5A /* Release */,
			);
			defaultConfigurationIsVisible = 0;
			defaultConfigurationName = Release;
		};
		C34020772D99F1A5005D4B5A /* Build configuration list for PBXNativeTarget "LearnLoop" */ = {
			isa = XCConfigurationList;
			buildConfigurations = (
				C34020782D99F1A5005D4B5A /* Debug */,
				C34020792D99F1A5005D4B5A /* Release */,
			);
			defaultConfigurationIsVisible = 0;
			defaultConfigurationName = Release;
		};
		C340207A2D99F1A5005D4B5A /* Build configuration list for PBXNativeTarget "LearnLoopTests" */ = {
			isa = XCConfigurationList;
			buildConfigurations = (
				C340207B2D99F1A5005D4B5A /* Debug */,
				C340207C2D99F1A5005D4B5A /* Release */,
			);
			defaultConfigurationIsVisible = 0;
			defaultConfigurationName = Release;
		};
		C340207D2D99F1A5005D4B5A /* Build configuration list for PBXNativeTarget "LearnLoopUITests" */ = {
			isa = XCConfigurationList;
			buildConfigurations = (
				C340207E2D99F1A5005D4B5A /* Debug */,
				C340207F2D99F1A5005D4B5A /* Release */,
			);
			defaultConfigurationIsVisible = 0;
			defaultConfigurationName = Release;
		};
/* End XCConfigurationList section */

/* Begin XCRemoteSwiftPackageReference section */
		258396222DD5969B00387A2F /* XCRemoteSwiftPackageReference "SDWebImageSwiftUI" */ = {
			isa = XCRemoteSwiftPackageReference;
			repositoryURL = "https://github.com/SDWebImage/SDWebImageSwiftUI";
			requirement = {
				kind = upToNextMajorVersion;
				minimumVersion = 3.1.3;
			};
		};
		258396252DD597F300387A2F /* XCRemoteSwiftPackageReference "ConfettiSwiftUI" */ = {
			isa = XCRemoteSwiftPackageReference;
			repositoryURL = "https://github.com/simibac/ConfettiSwiftUI";
			requirement = {
				kind = upToNextMajorVersion;
				minimumVersion = 2.0.3;
			};
		};
/* End XCRemoteSwiftPackageReference section */

/* Begin XCSwiftPackageProductDependency section */
		258396232DD596DC00387A2F /* SDWebImageSwiftUI */ = {
			isa = XCSwiftPackageProductDependency;
			package = 258396222DD5969B00387A2F /* XCRemoteSwiftPackageReference "SDWebImageSwiftUI" */;
			productName = SDWebImageSwiftUI;
		};
		258396262DD597F300387A2F /* ConfettiSwiftUI */ = {
			isa = XCSwiftPackageProductDependency;
			package = 258396252DD597F300387A2F /* XCRemoteSwiftPackageReference "ConfettiSwiftUI" */;
			productName = ConfettiSwiftUI;
		};
/* End XCSwiftPackageProductDependency section */
	};
	rootObject = C340204B2D99F19F005D4B5A /* Project object */;
}
